
Microsoft Visual Studio Solution File, Format Version 12.00
# Visual Studio 15
VisualStudioVersion = 15.0.28307.645
MinimumVisualStudioVersion = 10.0.40219.1
Project("{FAE04EC0-301F-11D3-BF4B-00C04F79EFBC}") = "SEDC.G5.Class3", "SEDC.G5.Class3\SEDC.G5.Class3.csproj", "{6BCF22E3-1A8A-465D-AC4A-FEAAA378CE76}"
EndProject
Global
	GlobalSection(SolutionConfigurationPlatforms) = preSolution
		Debug|Any CPU = Debug|Any CPU
		Release|Any CPU = Release|Any CPU
	EndGlobalSection
	GlobalSection(ProjectConfigurationPlatforms) = postSolution
		{6BCF22E3-1A8A-465D-AC4A-FEAAA378CE76}.Debug|Any CPU.ActiveCfg = Debug|Any CPU
		{6BCF22E3-1A8A-465D-AC4A-FEAAA378CE76}.Debug|Any CPU.Build.0 = Debug|Any CPU
		{6BCF22E3-1A8A-465D-AC4A-FEAAA378CE76}.Release|Any CPU.ActiveCfg = Release|Any CPU
		{6BCF22E3-1A8A-465D-AC4A-FEAAA378CE76}.Release|Any CPU.Build.0 = Release|Any CPU
	EndGlobalSection
	GlobalSection(SolutionProperties) = preSolution
		HideSolutionNode = FALSE
	EndGlobalSection
	GlobalSection(ExtensibilityGlobals) = postSolution
		SolutionGuid = {20779D1D-00F3-4E2F-8E84-9461D09525FF}
	EndGlobalSection
EndGlobal
