
Microsoft Visual Studio Solution File, Format Version 12.00
# Visual Studio 15
VisualStudioVersion = 15.0.28307.757
MinimumVisualStudioVersion = 10.0.40219.1
Project("{FAE04EC0-301F-11D3-BF4B-00C04F79EFBC}") = "WebApi", "WebApi\WebApi.csproj", "{A9C77E3F-B6AB-4BFE-98C4-A1CA4CCCCE75}"
EndProject
Global
	GlobalSection(SolutionConfigurationPlatforms) = preSolution
		Debug|Any CPU = Debug|Any CPU
		Release|Any CPU = Release|Any CPU
	EndGlobalSection
	GlobalSection(ProjectConfigurationPlatforms) = postSolution
		{A9C77E3F-B6AB-4BFE-98C4-A1CA4CCCCE75}.Debug|Any CPU.ActiveCfg = Debug|Any CPU
		{A9C77E3F-B6AB-4BFE-98C4-A1CA4CCCCE75}.Debug|Any CPU.Build.0 = Debug|Any CPU
		{A9C77E3F-B6AB-4BFE-98C4-A1CA4CCCCE75}.Release|Any CPU.ActiveCfg = Release|Any CPU
		{A9C77E3F-B6AB-4BFE-98C4-A1CA4CCCCE75}.Release|Any CPU.Build.0 = Release|Any CPU
	EndGlobalSection
	GlobalSection(SolutionProperties) = preSolution
		HideSolutionNode = FALSE
	EndGlobalSection
	GlobalSection(ExtensibilityGlobals) = postSolution
		SolutionGuid = {B53F3443-3CCD-4F0A-9FD6-CEAAF0FC12EF}
	EndGlobalSection
EndGlobal
