
Microsoft Visual Studio Solution File, Format Version 12.00
# Visual Studio 15
VisualStudioVersion = 15.0.28307.572
MinimumVisualStudioVersion = 10.0.40219.1
Project("{FAE04EC0-301F-11D3-BF4B-00C04F79EFBC}") = "Test01", "Test01\Test01.csproj", "{44F71452-12D7-4701-A128-CA27EC49D15D}"
EndProject
Global
	GlobalSection(SolutionConfigurationPlatforms) = preSolution
		Debug|Any CPU = Debug|Any CPU
		Release|Any CPU = Release|Any CPU
	EndGlobalSection
	GlobalSection(ProjectConfigurationPlatforms) = postSolution
		{44F71452-12D7-4701-A128-CA27EC49D15D}.Debug|Any CPU.ActiveCfg = Debug|Any CPU
		{44F71452-12D7-4701-A128-CA27EC49D15D}.Debug|Any CPU.Build.0 = Debug|Any CPU
		{44F71452-12D7-4701-A128-CA27EC49D15D}.Release|Any CPU.ActiveCfg = Release|Any CPU
		{44F71452-12D7-4701-A128-CA27EC49D15D}.Release|Any CPU.Build.0 = Release|Any CPU
	EndGlobalSection
	GlobalSection(SolutionProperties) = preSolution
		HideSolutionNode = FALSE
	EndGlobalSection
	GlobalSection(ExtensibilityGlobals) = postSolution
		SolutionGuid = {D3E3F6E8-C533-437C-B351-C3F4EBBD369A}
	EndGlobalSection
EndGlobal
