
Microsoft Visual Studio Solution File, Format Version 12.00
# Visual Studio 15
VisualStudioVersion = 15.0.28307.757
MinimumVisualStudioVersion = 10.0.40219.1
Project("{9A19103F-16F7-4668-BE54-9A1E7A4F7556}") = "ToDoApp", "ToDoApp\ToDoApp.csproj", "{71CAA24F-8F7E-4DB7-9D2E-647CAB8753D9}"
EndProject
Project("{9A19103F-16F7-4668-BE54-9A1E7A4F7556}") = "Models", "Models\Models.csproj", "{D9029645-3577-4BA4-B76A-5BC7269BE491}"
EndProject
Project("{9A19103F-16F7-4668-BE54-9A1E7A4F7556}") = "Services", "Services\Services.csproj", "{1CA592C4-6BE7-47C0-A6A2-4FB2532790DB}"
EndProject
Project("{9A19103F-16F7-4668-BE54-9A1E7A4F7556}") = "DataModels", "DataModels\DataModels.csproj", "{6F4F72E3-FCA2-4C9D-8339-389F591E7191}"
EndProject
Project("{9A19103F-16F7-4668-BE54-9A1E7A4F7556}") = "Data", "Data\Data.csproj", "{77F5810F-EA2B-4D36-A9AE-FDB2978A9862}"
EndProject
Project("{FAE04EC0-301F-11D3-BF4B-00C04F79EFBC}") = "ToDoApp-Tests", "ToDoApp-Tests\ToDoApp-Tests.csproj", "{541DAA8F-19FE-4090-B847-EC0314657A5C}"
EndProject
Global
	GlobalSection(SolutionConfigurationPlatforms) = preSolution
		Debug|Any CPU = Debug|Any CPU
		Release|Any CPU = Release|Any CPU
	EndGlobalSection
	GlobalSection(ProjectConfigurationPlatforms) = postSolution
		{71CAA24F-8F7E-4DB7-9D2E-647CAB8753D9}.Debug|Any CPU.ActiveCfg = Debug|Any CPU
		{71CAA24F-8F7E-4DB7-9D2E-647CAB8753D9}.Debug|Any CPU.Build.0 = Debug|Any CPU
		{71CAA24F-8F7E-4DB7-9D2E-647CAB8753D9}.Release|Any CPU.ActiveCfg = Release|Any CPU
		{71CAA24F-8F7E-4DB7-9D2E-647CAB8753D9}.Release|Any CPU.Build.0 = Release|Any CPU
		{D9029645-3577-4BA4-B76A-5BC7269BE491}.Debug|Any CPU.ActiveCfg = Debug|Any CPU
		{D9029645-3577-4BA4-B76A-5BC7269BE491}.Debug|Any CPU.Build.0 = Debug|Any CPU
		{D9029645-3577-4BA4-B76A-5BC7269BE491}.Release|Any CPU.ActiveCfg = Release|Any CPU
		{D9029645-3577-4BA4-B76A-5BC7269BE491}.Release|Any CPU.Build.0 = Release|Any CPU
		{1CA592C4-6BE7-47C0-A6A2-4FB2532790DB}.Debug|Any CPU.ActiveCfg = Debug|Any CPU
		{1CA592C4-6BE7-47C0-A6A2-4FB2532790DB}.Debug|Any CPU.Build.0 = Debug|Any CPU
		{1CA592C4-6BE7-47C0-A6A2-4FB2532790DB}.Release|Any CPU.ActiveCfg = Release|Any CPU
		{1CA592C4-6BE7-47C0-A6A2-4FB2532790DB}.Release|Any CPU.Build.0 = Release|Any CPU
		{6F4F72E3-FCA2-4C9D-8339-389F591E7191}.Debug|Any CPU.ActiveCfg = Debug|Any CPU
		{6F4F72E3-FCA2-4C9D-8339-389F591E7191}.Debug|Any CPU.Build.0 = Debug|Any CPU
		{6F4F72E3-FCA2-4C9D-8339-389F591E7191}.Release|Any CPU.ActiveCfg = Release|Any CPU
		{6F4F72E3-FCA2-4C9D-8339-389F591E7191}.Release|Any CPU.Build.0 = Release|Any CPU
		{77F5810F-EA2B-4D36-A9AE-FDB2978A9862}.Debug|Any CPU.ActiveCfg = Debug|Any CPU
		{77F5810F-EA2B-4D36-A9AE-FDB2978A9862}.Debug|Any CPU.Build.0 = Debug|Any CPU
		{77F5810F-EA2B-4D36-A9AE-FDB2978A9862}.Release|Any CPU.ActiveCfg = Release|Any CPU
		{77F5810F-EA2B-4D36-A9AE-FDB2978A9862}.Release|Any CPU.Build.0 = Release|Any CPU
		{541DAA8F-19FE-4090-B847-EC0314657A5C}.Debug|Any CPU.ActiveCfg = Debug|Any CPU
		{541DAA8F-19FE-4090-B847-EC0314657A5C}.Debug|Any CPU.Build.0 = Debug|Any CPU
		{541DAA8F-19FE-4090-B847-EC0314657A5C}.Release|Any CPU.ActiveCfg = Release|Any CPU
		{541DAA8F-19FE-4090-B847-EC0314657A5C}.Release|Any CPU.Build.0 = Release|Any CPU
	EndGlobalSection
	GlobalSection(SolutionProperties) = preSolution
		HideSolutionNode = FALSE
	EndGlobalSection
	GlobalSection(ExtensibilityGlobals) = postSolution
		SolutionGuid = {AD140890-4125-4A58-8475-0C05C4FC8297}
	EndGlobalSection
EndGlobal
