
Microsoft Visual Studio Solution File, Format Version 12.00
# Visual Studio 15
VisualStudioVersion = 15.0.28010.2041
MinimumVisualStudioVersion = 10.0.40219.1
Project("{9A19103F-16F7-4668-BE54-9A1E7A4F7556}") = "WebApiApplication", "WebApplication1\WebApiApplication.csproj", "{D8A4CC3A-5468-4363-941B-C1610E9118C8}"
EndProject
Project("{9A19103F-16F7-4668-BE54-9A1E7A4F7556}") = "MvcApplication", "WebApplication2\MvcApplication.csproj", "{4CD769FB-79B2-420E-9CEF-9E0BAFDED8D4}"
EndProject
Global
	GlobalSection(SolutionConfigurationPlatforms) = preSolution
		Debug|Any CPU = Debug|Any CPU
		Release|Any CPU = Release|Any CPU
	EndGlobalSection
	GlobalSection(ProjectConfigurationPlatforms) = postSolution
		{D8A4CC3A-5468-4363-941B-C1610E9118C8}.Debug|Any CPU.ActiveCfg = Debug|Any CPU
		{D8A4CC3A-5468-4363-941B-C1610E9118C8}.Debug|Any CPU.Build.0 = Debug|Any CPU
		{D8A4CC3A-5468-4363-941B-C1610E9118C8}.Release|Any CPU.ActiveCfg = Release|Any CPU
		{D8A4CC3A-5468-4363-941B-C1610E9118C8}.Release|Any CPU.Build.0 = Release|Any CPU
		{4CD769FB-79B2-420E-9CEF-9E0BAFDED8D4}.Debug|Any CPU.ActiveCfg = Debug|Any CPU
		{4CD769FB-79B2-420E-9CEF-9E0BAFDED8D4}.Debug|Any CPU.Build.0 = Debug|Any CPU
		{4CD769FB-79B2-420E-9CEF-9E0BAFDED8D4}.Release|Any CPU.ActiveCfg = Release|Any CPU
		{4CD769FB-79B2-420E-9CEF-9E0BAFDED8D4}.Release|Any CPU.Build.0 = Release|Any CPU
	EndGlobalSection
	GlobalSection(SolutionProperties) = preSolution
		HideSolutionNode = FALSE
	EndGlobalSection
	GlobalSection(ExtensibilityGlobals) = postSolution
		SolutionGuid = {AC24BD14-BBD6-4112-8792-346112BB1207}
	EndGlobalSection
EndGlobal
