
Microsoft Visual Studio Solution File, Format Version 12.00
# Visual Studio 15
VisualStudioVersion = 15.0.28307.572
MinimumVisualStudioVersion = 10.0.40219.1
Project("{FAE04EC0-301F-11D3-BF4B-00C04F79EFBC}") = "IssueWebApi", "IssueWebApi\IssueWebApi.csproj", "{984EE0E8-C43A-4473-9BC4-62DEE0AE8C27}"
EndProject
Project("{FAE04EC0-301F-11D3-BF4B-00C04F79EFBC}") = "IssuesService", "IssuesService\IssuesService.csproj", "{F73E182C-F6FA-4724-9BF0-1C5DE6EF3117}"
EndProject
Project("{FAE04EC0-301F-11D3-BF4B-00C04F79EFBC}") = "IssuesModels", "IssuesModels\IssuesModels.csproj", "{BEE4D9AC-9A11-4023-A60E-D8F562AC79C9}"
EndProject
Global
	GlobalSection(SolutionConfigurationPlatforms) = preSolution
		Debug|Any CPU = Debug|Any CPU
		Release|Any CPU = Release|Any CPU
	EndGlobalSection
	GlobalSection(ProjectConfigurationPlatforms) = postSolution
		{984EE0E8-C43A-4473-9BC4-62DEE0AE8C27}.Debug|Any CPU.ActiveCfg = Debug|Any CPU
		{984EE0E8-C43A-4473-9BC4-62DEE0AE8C27}.Debug|Any CPU.Build.0 = Debug|Any CPU
		{984EE0E8-C43A-4473-9BC4-62DEE0AE8C27}.Release|Any CPU.ActiveCfg = Release|Any CPU
		{984EE0E8-C43A-4473-9BC4-62DEE0AE8C27}.Release|Any CPU.Build.0 = Release|Any CPU
		{F73E182C-F6FA-4724-9BF0-1C5DE6EF3117}.Debug|Any CPU.ActiveCfg = Debug|Any CPU
		{F73E182C-F6FA-4724-9BF0-1C5DE6EF3117}.Debug|Any CPU.Build.0 = Debug|Any CPU
		{F73E182C-F6FA-4724-9BF0-1C5DE6EF3117}.Release|Any CPU.ActiveCfg = Release|Any CPU
		{F73E182C-F6FA-4724-9BF0-1C5DE6EF3117}.Release|Any CPU.Build.0 = Release|Any CPU
		{BEE4D9AC-9A11-4023-A60E-D8F562AC79C9}.Debug|Any CPU.ActiveCfg = Debug|Any CPU
		{BEE4D9AC-9A11-4023-A60E-D8F562AC79C9}.Debug|Any CPU.Build.0 = Debug|Any CPU
		{BEE4D9AC-9A11-4023-A60E-D8F562AC79C9}.Release|Any CPU.ActiveCfg = Release|Any CPU
		{BEE4D9AC-9A11-4023-A60E-D8F562AC79C9}.Release|Any CPU.Build.0 = Release|Any CPU
	EndGlobalSection
	GlobalSection(SolutionProperties) = preSolution
		HideSolutionNode = FALSE
	EndGlobalSection
	GlobalSection(ExtensibilityGlobals) = postSolution
		SolutionGuid = {E149342A-6EEF-444D-A0AD-D9221615D2C0}
	EndGlobalSection
EndGlobal
